
Microsoft Visual Studio Solution File, Format Version 12.00
# Visual Studio Version 17
VisualStudioVersion = 17.2.32519.379
MinimumVisualStudioVersion = 10.0.40219.1
Project("{FAE04EC0-301F-11D3-BF4B-00C04F79EFBC}") = "ASPNET_CORE_MVC", "ASPNET_CORE_MVC\ASPNET_CORE_MVC.csproj", "{979651E3-8F61-409C-AD89-910A4BF7BE8B}"
EndProject
Global
	GlobalSection(SolutionConfigurationPlatforms) = preSolution
		Debug|Any CPU = Debug|Any CPU
		Release|Any CPU = Release|Any CPU
	EndGlobalSection
	GlobalSection(ProjectConfigurationPlatforms) = postSolution
		{979651E3-8F61-409C-AD89-910A4BF7BE8B}.Debug|Any CPU.ActiveCfg = Debug|Any CPU
		{979651E3-8F61-409C-AD89-910A4BF7BE8B}.Debug|Any CPU.Build.0 = Debug|Any CPU
		{979651E3-8F61-409C-AD89-910A4BF7BE8B}.Release|Any CPU.ActiveCfg = Release|Any CPU
		{979651E3-8F61-409C-AD89-910A4BF7BE8B}.Release|Any CPU.Build.0 = Release|Any CPU
	EndGlobalSection
	GlobalSection(SolutionProperties) = preSolution
		HideSolutionNode = FALSE
	EndGlobalSection
	GlobalSection(ExtensibilityGlobals) = postSolution
		SolutionGuid = {7B1C2AEF-3814-4C9F-972C-F3CA6B2A42F7}
	EndGlobalSection
EndGlobal
